{
  "name": "Aplikasi-Care-Kids",
  "lockfileVersion": 3,
  "requires": true,
  "packages": {
    "": {
      "dependencies": {
        "@kolkov/angular-editor": "^3.0.0-beta.0"
      }
    },
    "node_modules/@kolkov/angular-editor": {
      "version": "3.0.0-beta.0",
      "resolved": "https://registry.npmjs.org/@kolkov/angular-editor/-/angular-editor-3.0.0-beta.0.tgz",
      "integrity": "sha512-uUa8FW9lFskfL8rans7YRtUQIVK1Qj8bBT9q1MwPXFZ1t+/KfPk62FL5IuMfcnu28UfKl0J2AnGYwbQe4h+Etw==",
      "dependencies": {
        "tslib": "^2.3.0"
      },
      "peerDependencies": {
        "@angular/common": ">=13",
        "@angular/core": ">=13"
      }
    },
    "node_modules/tslib": {
      "version": "2.5.0",
      "resolved": "https://registry.npmjs.org/tslib/-/tslib-2.5.0.tgz",
      "integrity": "sha512-336iVw3rtn2BUK7ORdIAHTyxHGRIHVReokCR3XjbckJMK7ms8FysBfhLR8IXnAgy7T0PTPNBWKiH514FOW/WSg=="
    }
  }
}
